
Microsoft Visual Studio Solution File, Format Version 12.00
# Visual Studio 14
VisualStudioVersion = 14.0.25420.1
MinimumVisualStudioVersion = 10.0.40219.1
Project("{FAE04EC0-301F-11D3-BF4B-00C04F79EFBC}") = "Hust.Common", "Hust.Common\Hust.Common.csproj", "{ABBC4FC8-80F1-4624-9C9E-6912E3EF568A}"
EndProject
Project("{FAE04EC0-301F-11D3-BF4B-00C04F79EFBC}") = "Hust.Bussiness", "Hust.Bussiness\Hust.Bussiness.csproj", "{884C425B-2F98-4EFA-922E-F61AD6DD8FD1}"
EndProject
Project("{FAE04EC0-301F-11D3-BF4B-00C04F79EFBC}") = "HUST.ApiHost", "HUST.ApiHost\HUST.ApiHost.csproj", "{3F643769-8A6C-4F34-8322-D18129B14092}"
EndProject
Project("{FAE04EC0-301F-11D3-BF4B-00C04F79EFBC}") = "Hust.Models", "Hust.Models\Hust.Models.csproj", "{BFA9CC70-C490-46C9-9A3D-B101CEC9E855}"
EndProject
Project("{FAE04EC0-301F-11D3-BF4B-00C04F79EFBC}") = "Hust.Web", "Hust.Web\Hust.Web.csproj", "{1714D8AC-726C-434A-AEBF-C15E23B89CDA}"
EndProject
Global
	GlobalSection(SolutionConfigurationPlatforms) = preSolution
		Debug|Any CPU = Debug|Any CPU
		Release|Any CPU = Release|Any CPU
	EndGlobalSection
	GlobalSection(ProjectConfigurationPlatforms) = postSolution
		{ABBC4FC8-80F1-4624-9C9E-6912E3EF568A}.Debug|Any CPU.ActiveCfg = Debug|Any CPU
		{ABBC4FC8-80F1-4624-9C9E-6912E3EF568A}.Debug|Any CPU.Build.0 = Debug|Any CPU
		{ABBC4FC8-80F1-4624-9C9E-6912E3EF568A}.Release|Any CPU.ActiveCfg = Release|Any CPU
		{ABBC4FC8-80F1-4624-9C9E-6912E3EF568A}.Release|Any CPU.Build.0 = Release|Any CPU
		{884C425B-2F98-4EFA-922E-F61AD6DD8FD1}.Debug|Any CPU.ActiveCfg = Debug|Any CPU
		{884C425B-2F98-4EFA-922E-F61AD6DD8FD1}.Debug|Any CPU.Build.0 = Debug|Any CPU
		{884C425B-2F98-4EFA-922E-F61AD6DD8FD1}.Release|Any CPU.ActiveCfg = Release|Any CPU
		{884C425B-2F98-4EFA-922E-F61AD6DD8FD1}.Release|Any CPU.Build.0 = Release|Any CPU
		{3F643769-8A6C-4F34-8322-D18129B14092}.Debug|Any CPU.ActiveCfg = Debug|Any CPU
		{3F643769-8A6C-4F34-8322-D18129B14092}.Debug|Any CPU.Build.0 = Debug|Any CPU
		{3F643769-8A6C-4F34-8322-D18129B14092}.Release|Any CPU.ActiveCfg = Release|Any CPU
		{3F643769-8A6C-4F34-8322-D18129B14092}.Release|Any CPU.Build.0 = Release|Any CPU
		{BFA9CC70-C490-46C9-9A3D-B101CEC9E855}.Debug|Any CPU.ActiveCfg = Debug|Any CPU
		{BFA9CC70-C490-46C9-9A3D-B101CEC9E855}.Debug|Any CPU.Build.0 = Debug|Any CPU
		{BFA9CC70-C490-46C9-9A3D-B101CEC9E855}.Release|Any CPU.ActiveCfg = Release|Any CPU
		{BFA9CC70-C490-46C9-9A3D-B101CEC9E855}.Release|Any CPU.Build.0 = Release|Any CPU
		{1714D8AC-726C-434A-AEBF-C15E23B89CDA}.Debug|Any CPU.ActiveCfg = Debug|Any CPU
		{1714D8AC-726C-434A-AEBF-C15E23B89CDA}.Debug|Any CPU.Build.0 = Debug|Any CPU
		{1714D8AC-726C-434A-AEBF-C15E23B89CDA}.Release|Any CPU.ActiveCfg = Release|Any CPU
		{1714D8AC-726C-434A-AEBF-C15E23B89CDA}.Release|Any CPU.Build.0 = Release|Any CPU
	EndGlobalSection
	GlobalSection(SolutionProperties) = preSolution
		HideSolutionNode = FALSE
	EndGlobalSection
EndGlobal
